
Microsoft Visual Studio Solution File, Format Version 12.00
# Visual Studio Version 17
VisualStudioVersion = 17.11.35327.3
MinimumVisualStudioVersion = 10.0.40219.1
Project("{FAE04EC0-301F-11D3-BF4B-00C04F79EFBC}") = "FileFileInfo", "FileFileInfo\FileFileInfo.csproj", "{21E9CD58-14B5-4C72-97D6-D97A716513D1}"
EndProject
Global
	GlobalSection(SolutionConfigurationPlatforms) = preSolution
		Debug|Any CPU = Debug|Any CPU
		Release|Any CPU = Release|Any CPU
	EndGlobalSection
	GlobalSection(ProjectConfigurationPlatforms) = postSolution
		{21E9CD58-14B5-4C72-97D6-D97A716513D1}.Debug|Any CPU.ActiveCfg = Debug|Any CPU
		{21E9CD58-14B5-4C72-97D6-D97A716513D1}.Debug|Any CPU.Build.0 = Debug|Any CPU
		{21E9CD58-14B5-4C72-97D6-D97A716513D1}.Release|Any CPU.ActiveCfg = Release|Any CPU
		{21E9CD58-14B5-4C72-97D6-D97A716513D1}.Release|Any CPU.Build.0 = Release|Any CPU
	EndGlobalSection
	GlobalSection(SolutionProperties) = preSolution
		HideSolutionNode = FALSE
	EndGlobalSection
	GlobalSection(ExtensibilityGlobals) = postSolution
		SolutionGuid = {BC1D210D-2EC3-473C-A1DF-0E37BE193E53}
	EndGlobalSection
EndGlobal
